{
  "name": "magento",
  "version": "1.0.0",
  "lockfileVersion": 1,
  "dependencies": {
    "ajv": {
      "version": "5.2.3",
      "resolved": "https://registry.npmjs.org/ajv/-/ajv-5.2.3.tgz",
      "integrity": "sha1-wG9Zh3jETGsWGrr+NGa4GtGBTtI=",
      "requires": {
        "co": "4.6.0",
        "fast-deep-equal": "1.0.0",
        "json-schema-traverse": "0.3.1",
        "json-stable-stringify": "1.0.1"
      }
    },
    "algolia-frontend-components": {
      "version": "0.0.34",
      "resolved": "https://registry.npmjs.org/algolia-frontend-components/-/algolia-frontend-components-0.0.34.tgz",
      "integrity": "sha1-9xndVGF3BCebNDOlBh8UyVtPz6s=",
      "requires": {
        "babel-cli": "6.26.0",
        "babel-core": "6.26.0",
        "babel-polyfill": "6.26.0",
        "babel-preset-env": "1.6.0",
        "babel-preset-es2015": "6.24.1",
        "chalk": "1.1.3",
        "deepmerge": "1.5.2",
        "glob": "7.1.2",
        "node-sass": "4.5.3",
        "path": "0.12.7",
        "progress": "1.1.8",
        "webpack": "2.7.0",
        "webpack-dev-server": "2.8.2"
      }
    },
    "array-includes": {
      "version": "3.0.3",
      "resolved": "https://registry.npmjs.org/array-includes/-/array-includes-3.0.3.tgz",
      "integrity": "sha1-GEtI9i2S10UrsxsyMWXH+L0CJm0=",
      "requires": {
        "define-properties": "1.1.2",
        "es-abstract": "1.8.2"
      }
    },
    "aws-sign2": {
      "version": "0.7.0",
      "resolved": "https://registry.npmjs.org/aws-sign2/-/aws-sign2-0.7.0.tgz",
      "integrity": "sha1-tG6JCTSpWR8tL2+G1+ap8bP+dqg="
    },
    "babel-cli": {
      "version": "6.26.0",
      "resolved": "https://registry.npmjs.org/babel-cli/-/babel-cli-6.26.0.tgz",
      "integrity": "sha1-UCq1SHTX24itALiHoGODzgPQAvE=",
      "requires": {
        "babel-core": "6.26.0",
        "babel-polyfill": "6.26.0",
        "babel-register": "6.26.0",
        "babel-runtime": "6.26.0",
        "chokidar": "1.7.0",
        "commander": "2.11.0",
        "convert-source-map": "1.5.0",
        "fs-readdir-recursive": "1.0.0",
        "glob": "7.1.2",
        "lodash": "4.17.4",
        "output-file-sync": "1.1.2",
        "path-is-absolute": "1.0.1",
        "slash": "1.0.0",
        "source-map": "0.5.7",
        "v8flags": "2.1.1"
      }
    },
    "babel-code-frame": {
      "version": "6.26.0",
      "resolved": "https://registry.npmjs.org/babel-code-frame/-/babel-code-frame-6.26.0.tgz",
      "integrity": "sha1-Y/1D99weO7fONZR9uP42mj9Yx0s=",
      "requires": {
        "chalk": "1.1.3",
        "esutils": "2.0.2",
        "js-tokens": "3.0.2"
      }
    },
    "babel-core": {
      "version": "6.26.0",
      "resolved": "https://registry.npmjs.org/babel-core/-/babel-core-6.26.0.tgz",
      "integrity": "sha1-rzL3izGm/O8RnIew/Y2XU/A6C7g=",
      "requires": {
        "babel-code-frame": "6.26.0",
        "babel-generator": "6.26.0",
        "babel-helpers": "6.24.1",
        "babel-messages": "6.23.0",
        "babel-register": "6.26.0",
        "babel-runtime": "6.26.0",
        "babel-template": "6.26.0",
        "babel-traverse": "6.26.0",
        "babel-types": "6.26.0",
        "babylon": "6.18.0",
        "convert-source-map": "1.5.0",
        "debug": "2.6.9",
        "json5": "0.5.1",
        "lodash": "4.17.4",
        "minimatch": "3.0.4",
        "path-is-absolute": "1.0.1",
        "private": "0.1.7",
        "slash": "1.0.0",
        "source-map": "0.5.7"
      }
    },
    "babel-generator": {
      "version": "6.26.0",
      "resolved": "https://registry.npmjs.org/babel-generator/-/babel-generator-6.26.0.tgz",
      "integrity": "sha1-rBriAHC3n248odMmlhMFN3TyDcU=",
      "requires": {
        "babel-messages": "6.23.0",
        "babel-runtime": "6.26.0",
        "babel-types": "6.26.0",
        "detect-indent": "4.0.0",
        "jsesc": "1.3.0",
        "lodash": "4.17.4",
        "source-map": "0.5.7",
        "trim-right": "1.0.1"
      }
    },
    "babel-polyfill": {
      "version": "6.26.0",
      "resolved": "https://registry.npmjs.org/babel-polyfill/-/babel-polyfill-6.26.0.tgz",
      "integrity": "sha1-N5k3q8Z9eJWXCtxiHyhM2WbPIVM=",
      "requires": {
        "babel-runtime": "6.26.0",
        "core-js": "2.5.1",
        "regenerator-runtime": "0.10.5"
      },
      "dependencies": {
        "regenerator-runtime": {
          "version": "0.10.5",
          "resolved": "https://registry.npmjs.org/regenerator-runtime/-/regenerator-runtime-0.10.5.tgz",
          "integrity": "sha1-M2w+/BIgrc7dosn6tntaeVWjNlg="
        }
      }
    },
    "babel-register": {
      "version": "6.26.0",
      "resolved": "https://registry.npmjs.org/babel-register/-/babel-register-6.26.0.tgz",
      "integrity": "sha1-btAhFz4vy0htestFxgCahW9kcHE=",
      "requires": {
        "babel-core": "6.26.0",
        "babel-runtime": "6.26.0",
        "core-js": "2.5.1",
        "home-or-tmp": "2.0.0",
        "lodash": "4.17.4",
        "mkdirp": "0.5.1",
        "source-map-support": "0.4.18"
      }
    },
    "babylon": {
      "version": "6.18.0",
      "resolved": "https://registry.npmjs.org/babylon/-/babylon-6.18.0.tgz",
      "integrity": "sha512-q/UEjfGJ2Cm3oKV71DJz9d25TPnq5rhBVL2Q4fA5wcC3jcrdn7+SssEybFIxwAvvP+YCsCYNKughoF33GxgycQ=="
    },
    "boom": {
      "version": "4.3.1",
      "resolved": "https://registry.npmjs.org/boom/-/boom-4.3.1.tgz",
      "integrity": "sha1-T4owBctKfjiJ90kDD9JbluAdLjE=",
      "requires": {
        "hoek": "4.2.0"
      }
    },
    "caniuse-lite": {
      "version": "1.0.30000738",
      "resolved": "https://registry.npmjs.org/caniuse-lite/-/caniuse-lite-1.0.30000738.tgz",
      "integrity": "sha1-GCDDya25oRfjEaW9yh0lvDQojro="
    },
    "content-type": {
      "version": "1.0.4",
      "resolved": "https://registry.npmjs.org/content-type/-/content-type-1.0.4.tgz",
      "integrity": "sha512-hIP3EEPs8tB9AT1L+NUqtwOAps4mk2Zob89MWXMHjHWg9milF/j4osnnQLXBCBFBk/tvIG/tUc9mOUJiPBhPXA=="
    },
    "core-js": {
      "version": "2.5.1",
      "resolved": "https://registry.npmjs.org/core-js/-/core-js-2.5.1.tgz",
      "integrity": "sha1-rmh03GaTd4m4B1T/VCjfZoGcpQs="
    },
    "cryptiles": {
      "version": "3.1.2",
      "resolved": "https://registry.npmjs.org/cryptiles/-/cryptiles-3.1.2.tgz",
      "integrity": "sha1-qJ+7Ig9c4l7FboxKqKT9e1sNKf4=",
      "requires": {
        "boom": "5.2.0"
      },
      "dependencies": {
        "boom": {
          "version": "5.2.0",
          "resolved": "https://registry.npmjs.org/boom/-/boom-5.2.0.tgz",
          "integrity": "sha512-Z5BTk6ZRe4tXXQlkqftmsAUANpXmuwlsF5Oov8ThoMbQRzdGTA1ngYRW160GexgOgjsFOKJz0LYhoNi+2AMBUw==",
          "requires": {
            "hoek": "4.2.0"
          }
        }
      }
    },
    "deepmerge": {
      "version": "1.5.2",
      "resolved": "https://registry.npmjs.org/deepmerge/-/deepmerge-1.5.2.tgz",
      "integrity": "sha512-95k0GDqvBjZavkuvzx/YqVLv/6YYa17fz6ILMSf7neqQITCPbnfEnQvEgMPNjH4kgobe7+WIL0yJEHku+H3qtQ=="
    },
    "default-gateway": {
      "version": "2.5.0",
      "resolved": "https://registry.npmjs.org/default-gateway/-/default-gateway-2.5.0.tgz",
      "integrity": "sha512-Mb+xi1aktPE+Uz5RmS3vU6Kr1fDqRvlMX3M5eneBai7LkldzM+WPjaUpz396taZgOgSw4s+CJGvd6VJJ/9W0dQ==",
      "requires": {
        "execa": "0.7.0",
        "ip-regex": "2.1.0"
      }
    },
    "define-properties": {
      "version": "1.1.2",
      "resolved": "https://registry.npmjs.org/define-properties/-/define-properties-1.1.2.tgz",
      "integrity": "sha1-g6c/L+pWmJj7c3GTyPhzyvbUXJQ=",
      "requires": {
        "foreach": "2.0.5",
        "object-keys": "1.0.11"
      }
    },
    "electron-to-chromium": {
      "version": "1.3.22",
      "resolved": "https://registry.npmjs.org/electron-to-chromium/-/electron-to-chromium-1.3.22.tgz",
      "integrity": "sha1-QyLVLBUUBuPq73StAmdog+hBZBg="
    },
    "es-abstract": {
      "version": "1.8.2",
      "resolved": "https://registry.npmjs.org/es-abstract/-/es-abstract-1.8.2.tgz",
      "integrity": "sha512-dvhwFL3yjQxNNsOWx6exMlaDrRHCRGMQlnx5lsXDCZ/J7G/frgIIl94zhZSp/galVAYp7VzPi1OrAHta89/yGQ==",
      "requires": {
        "es-to-primitive": "1.1.1",
        "function-bind": "1.1.1",
        "has": "1.0.1",
        "is-callable": "1.1.3",
        "is-regex": "1.0.4"
      }
    },
    "es-to-primitive": {
      "version": "1.1.1",
      "resolved": "https://registry.npmjs.org/es-to-primitive/-/es-to-primitive-1.1.1.tgz",
      "integrity": "sha1-RTVSSKiJeQNLZ5Lhm7gfK3l13Q0=",
      "requires": {
        "is-callable": "1.1.3",
        "is-date-object": "1.0.1",
        "is-symbol": "1.0.1"
      }
    },
    "etag": {
      "version": "1.8.1",
      "resolved": "https://registry.npmjs.org/etag/-/etag-1.8.1.tgz",
      "integrity": "sha1-Qa4u62XvpiJorr/qg6x9eSmbCIc="
    },
    "execa": {
      "version": "0.7.0",
      "resolved": "https://registry.npmjs.org/execa/-/execa-0.7.0.tgz",
      "integrity": "sha1-lEvs00zEHuMqY6n68nrVpl/Fl3c=",
      "requires": {
        "cross-spawn": "5.1.0",
        "get-stream": "3.0.0",
        "is-stream": "1.1.0",
        "npm-run-path": "2.0.2",
        "p-finally": "1.0.0",
        "signal-exit": "3.0.2",
        "strip-eof": "1.0.0"
      },
      "dependencies": {
        "cross-spawn": {
          "version": "5.1.0",
          "resolved": "https://registry.npmjs.org/cross-spawn/-/cross-spawn-5.1.0.tgz",
          "integrity": "sha1-6L0O/uWPz/b4+UUQoKVUu/ojVEk=",
          "requires": {
            "lru-cache": "4.1.1",
            "shebang-command": "1.2.0",
            "which": "1.3.0"
          }
        }
      }
    },
    "express": {
      "version": "4.15.5",
      "resolved": "https://registry.npmjs.org/express/-/express-4.15.5.tgz",
      "integrity": "sha1-ZwI1ypWYiQpa6BcLg9tyK4Qu2Sc=",
      "requires": {
        "accepts": "1.3.4",
        "array-flatten": "1.1.1",
        "content-disposition": "0.5.2",
        "content-type": "1.0.4",
        "cookie": "0.3.1",
        "cookie-signature": "1.0.6",
        "debug": "2.6.9",
        "depd": "1.1.1",
        "encodeurl": "1.0.1",
        "escape-html": "1.0.3",
        "etag": "1.8.1",
        "finalhandler": "1.0.6",
        "fresh": "0.5.2",
        "merge-descriptors": "1.0.1",
        "methods": "1.1.2",
        "on-finished": "2.3.0",
        "parseurl": "1.3.2",
        "path-to-regexp": "0.1.7",
        "proxy-addr": "1.1.5",
        "qs": "6.5.0",
        "range-parser": "1.2.0",
        "send": "0.15.6",
        "serve-static": "1.12.6",
        "setprototypeof": "1.0.3",
        "statuses": "1.3.1",
        "type-is": "1.6.15",
        "utils-merge": "1.0.0",
        "vary": "1.1.2"
      },
      "dependencies": {
        "array-flatten": {
          "version": "1.1.1",
          "resolved": "https://registry.npmjs.org/array-flatten/-/array-flatten-1.1.1.tgz",
          "integrity": "sha1-ml9pkFGx5wczKPKgCJaLZOopVdI="
        },
        "qs": {
          "version": "6.5.0",
          "resolved": "https://registry.npmjs.org/qs/-/qs-6.5.0.tgz",
          "integrity": "sha512-fjVFjW9yhqMhVGwRExCXLhJKrLlkYSaxNWdyc9rmHlrVZbk35YHH312dFd7191uQeXkI3mKLZTIbSvIeFwFemg=="
        }
      }
    },
    "fast-deep-equal": {
      "version": "1.0.0",
      "resolved": "https://registry.npmjs.org/fast-deep-equal/-/fast-deep-equal-1.0.0.tgz",
      "integrity": "sha1-liVqO8l1WV6zbYLpkp0GDYk0Of8="
    },
    "finalhandler": {
      "version": "1.0.6",
      "resolved": "https://registry.npmjs.org/finalhandler/-/finalhandler-1.0.6.tgz",
      "integrity": "sha1-AHrqM9Gk0+QgF/YkhIrVjSEvgU8=",
      "requires": {
        "debug": "2.6.9",
        "encodeurl": "1.0.1",
        "escape-html": "1.0.3",
        "on-finished": "2.3.0",
        "parseurl": "1.3.2",
        "statuses": "1.3.1",
        "unpipe": "1.0.0"
      }
    },
    "foreach": {
      "version": "2.0.5",
      "resolved": "https://registry.npmjs.org/foreach/-/foreach-2.0.5.tgz",
      "integrity": "sha1-C+4AUBiusmDQo6865ljdATbsG5k="
    },
    "form-data": {
      "version": "2.3.1",
      "resolved": "https://registry.npmjs.org/form-data/-/form-data-2.3.1.tgz",
      "integrity": "sha1-b7lPvXGIUwbXPRXMSX/kzE7NRL8=",
      "requires": {
        "asynckit": "0.4.0",
        "combined-stream": "1.0.5",
        "mime-types": "2.1.17"
      }
    },
    "fresh": {
      "version": "0.5.2",
      "resolved": "https://registry.npmjs.org/fresh/-/fresh-0.5.2.tgz",
      "integrity": "sha1-PYyt2Q2XZWn6g1qx+OSyOhBWBac="
    },
    "function-bind": {
      "version": "1.1.1",
      "resolved": "https://registry.npmjs.org/function-bind/-/function-bind-1.1.1.tgz",
      "integrity": "sha512-yIovAzMX49sF8Yl58fSCWJ5svSLuaibPxXQJFLmBObTuCr0Mf1KiPopGM9NiFjiYBCbfaa2Fh6breQ6ANVTI0A=="
    },
    "get-stream": {
      "version": "3.0.0",
      "resolved": "https://registry.npmjs.org/get-stream/-/get-stream-3.0.0.tgz",
      "integrity": "sha1-jpQ9E1jcN1VQVOy+LtsFqhdO3hQ="
    },
    "har-schema": {
      "version": "2.0.0",
      "resolved": "https://registry.npmjs.org/har-schema/-/har-schema-2.0.0.tgz",
      "integrity": "sha1-qUwiJOvKwEeCoNkDVSHyRzW37JI="
    },
    "har-validator": {
      "version": "5.0.3",
      "resolved": "https://registry.npmjs.org/har-validator/-/har-validator-5.0.3.tgz",
      "integrity": "sha1-ukAsJmGU8VlW7xXg/PJCmT9qff0=",
      "requires": {
        "ajv": "5.2.3",
        "har-schema": "2.0.0"
      }
    },
    "has": {
      "version": "1.0.1",
      "resolved": "https://registry.npmjs.org/has/-/has-1.0.1.tgz",
      "integrity": "sha1-hGFzP1OLCDfJNh45qauelwTcLyg=",
      "requires": {
        "function-bind": "1.1.1"
      }
    },
    "hawk": {
      "version": "6.0.2",
      "resolved": "https://registry.npmjs.org/hawk/-/hawk-6.0.2.tgz",
      "integrity": "sha512-miowhl2+U7Qle4vdLqDdPt9m09K6yZhkLDTWGoUiUzrQCn+mHHSmfJgAyGaLRZbPmTqfFFjRV1QWCW0VWUJBbQ==",
      "requires": {
        "boom": "4.3.1",
        "cryptiles": "3.1.2",
        "hoek": "4.2.0",
        "sntp": "2.0.2"
      }
    },
    "hoek": {
      "version": "4.2.0",
      "resolved": "https://registry.npmjs.org/hoek/-/hoek-4.2.0.tgz",
      "integrity": "sha512-v0XCLxICi9nPfYrS9RL8HbYnXi9obYAeLbSP00BmnZwCK9+Ih9WOjoZ8YoHCoav2csqn4FOz4Orldsy2dmDwmQ=="
    },
    "http-parser-js": {
      "version": "0.4.8",
      "resolved": "https://registry.npmjs.org/http-parser-js/-/http-parser-js-0.4.8.tgz",
      "integrity": "sha512-jmHp99g6/fLx0pRNJqzsQgjsclCHAY7NhIeA3/U+bsGNvgbvUCQFQY9m5AYpqpAxY/2VcikfbKpjQozSTiz0jA=="
    },
    "http-signature": {
      "version": "1.2.0",
      "resolved": "https://registry.npmjs.org/http-signature/-/http-signature-1.2.0.tgz",
      "integrity": "sha1-muzZJRFHcvPZW2WmCruPfBj7rOE=",
      "requires": {
        "assert-plus": "1.0.0",
        "jsprim": "1.4.1",
        "sshpk": "1.13.1"
      }
    },
    "internal-ip": {
      "version": "2.0.3",
      "resolved": "https://registry.npmjs.org/internal-ip/-/internal-ip-2.0.3.tgz",
      "integrity": "sha512-XxJMiJOjXbb9LlwH6SVTsnUPymYACunXzKg3dqU+HIC+xYIkUhMyTiT/H6xxPmhlE4zHq50lKlx0CZlyN2C76Q==",
      "requires": {
        "default-gateway": "2.5.0",
        "ipaddr.js": "1.5.2"
      },
      "dependencies": {
        "ipaddr.js": {
          "version": "1.5.2",
          "resolved": "https://registry.npmjs.org/ipaddr.js/-/ipaddr.js-1.5.2.tgz",
          "integrity": "sha1-1LUFvemUaYfM8PxY2QEP+WB+P6A="
        }
      }
    },
    "ip-regex": {
      "version": "2.1.0",
      "resolved": "https://registry.npmjs.org/ip-regex/-/ip-regex-2.1.0.tgz",
      "integrity": "sha1-+ni/XS5pE8kRzp+BnuUUa7bYROk="
    },
    "is-callable": {
      "version": "1.1.3",
      "resolved": "https://registry.npmjs.org/is-callable/-/is-callable-1.1.3.tgz",
      "integrity": "sha1-hut1OSgF3cM69xySoO7fdO52BLI="
    },
    "is-date-object": {
      "version": "1.0.1",
      "resolved": "https://registry.npmjs.org/is-date-object/-/is-date-object-1.0.1.tgz",
      "integrity": "sha1-mqIOtq7rv/d/vTPnTKAbM1gdOhY="
    },
    "is-regex": {
      "version": "1.0.4",
      "resolved": "https://registry.npmjs.org/is-regex/-/is-regex-1.0.4.tgz",
      "integrity": "sha1-VRdIm1RwkbCTDglWVM7SXul+lJE=",
      "requires": {
        "has": "1.0.1"
      }
    },
    "is-stream": {
      "version": "1.1.0",
      "resolved": "https://registry.npmjs.org/is-stream/-/is-stream-1.1.0.tgz",
      "integrity": "sha1-EtSj3U5o4Lec6428hBc66A2RykQ="
    },
    "is-symbol": {
      "version": "1.0.1",
      "resolved": "https://registry.npmjs.org/is-symbol/-/is-symbol-1.0.1.tgz",
      "integrity": "sha1-PMWfAAJRlLarLjjbrmaJJWtmBXI="
    },
    "is-wsl": {
      "version": "1.1.0",
      "resolved": "https://registry.npmjs.org/is-wsl/-/is-wsl-1.1.0.tgz",
      "integrity": "sha1-HxbkqiKwTRM2tmGIpmrzxgDDpm0="
    },
    "json-schema-traverse": {
      "version": "0.3.1",
      "resolved": "https://registry.npmjs.org/json-schema-traverse/-/json-schema-traverse-0.3.1.tgz",
      "integrity": "sha1-NJptRMU6Ud6JtAgFxdXlm0F9M0A="
    },
    "loglevel": {
      "version": "1.5.0",
      "resolved": "https://registry.npmjs.org/loglevel/-/loglevel-1.5.0.tgz",
      "integrity": "sha512-OQ2jhWI5G2qsvO0UFNyCQWgKl/tFiwuPIXxELzACeUO2FqstN/R7mmL09+nhv6xOWVPPojQO1A90sCEoJSgBcQ=="
    },
    "md5.js": {
      "version": "1.3.4",
      "resolved": "https://registry.npmjs.org/md5.js/-/md5.js-1.3.4.tgz",
      "integrity": "sha1-6b296UogpawYsENA/Fdk1bCdkB0=",
      "requires": {
        "hash-base": "3.0.4",
        "inherits": "2.0.3"
      },
      "dependencies": {
        "hash-base": {
          "version": "3.0.4",
          "resolved": "https://registry.npmjs.org/hash-base/-/hash-base-3.0.4.tgz",
          "integrity": "sha1-X8hoaEfs1zSZQDMZprCj8/auSRg=",
          "requires": {
            "inherits": "2.0.3",
            "safe-buffer": "5.1.1"
          }
        }
      }
    },
    "npm-run-path": {
      "version": "2.0.2",
      "resolved": "https://registry.npmjs.org/npm-run-path/-/npm-run-path-2.0.2.tgz",
      "integrity": "sha1-NakjLfo11wZ7TLLd8jV7GHFTbF8=",
      "requires": {
        "path-key": "2.0.1"
      }
    },
    "object-keys": {
      "version": "1.0.11",
      "resolved": "https://registry.npmjs.org/object-keys/-/object-keys-1.0.11.tgz",
      "integrity": "sha1-xUYBd4rVYPEULODgG8yotW0TQm0="
    },
    "opn": {
      "version": "5.1.0",
      "resolved": "https://registry.npmjs.org/opn/-/opn-5.1.0.tgz",
      "integrity": "sha512-iPNl7SyM8L30Rm1sjGdLLheyHVw5YXVfi3SKWJzBI7efxRwHojfRFjwE/OLM6qp9xJYMgab8WicTU1cPoY+Hpg==",
      "requires": {
        "is-wsl": "1.1.0"
      }
    },
    "p-finally": {
      "version": "1.0.0",
      "resolved": "https://registry.npmjs.org/p-finally/-/p-finally-1.0.0.tgz",
      "integrity": "sha1-P7z7FbiZpEEjs0ttzBi3JDNqLK4="
    },
    "path-key": {
      "version": "2.0.1",
      "resolved": "https://registry.npmjs.org/path-key/-/path-key-2.0.1.tgz",
      "integrity": "sha1-QRyttXTFoUDTpLGRDUDYDMn0C0A="
    },
    "performance-now": {
      "version": "2.1.0",
      "resolved": "https://registry.npmjs.org/performance-now/-/performance-now-2.1.0.tgz",
      "integrity": "sha1-Ywn04OX6kT7BxpMHrjZLSzd8nns="
    },
    "qs": {
      "version": "6.5.1",
      "resolved": "https://registry.npmjs.org/qs/-/qs-6.5.1.tgz",
      "integrity": "sha512-eRzhrN1WSINYCDCbrz796z37LOe3m5tmW7RQf6oBntukAG1nmovJvhnwHHRMAfeoItc1m2Hk02WER2aQ/iqs+A=="
    },
    "regenerator-runtime": {
      "version": "0.11.0",
      "resolved": "https://registry.npmjs.org/regenerator-runtime/-/regenerator-runtime-0.11.0.tgz",
      "integrity": "sha512-/aA0kLeRb5N9K0d4fw7ooEbI+xDe+DKD499EQqygGqeS8N3xto15p09uY2xj7ixP81sNPXvRLnAQIqdVStgb1A=="
    },
    "regenerator-transform": {
      "version": "0.10.1",
      "resolved": "https://registry.npmjs.org/regenerator-transform/-/regenerator-transform-0.10.1.tgz",
      "integrity": "sha512-PJepbvDbuK1xgIgnau7Y90cwaAmO/LCLMI2mPvaXq2heGMR3aWW5/BQvYrhJ8jgmQjXewXvBjzfqKcVOmhjZ6Q==",
      "requires": {
        "babel-runtime": "6.26.0",
        "babel-types": "6.26.0",
        "private": "0.1.7"
      }
    },
    "selfsigned": {
      "version": "1.10.1",
      "resolved": "https://registry.npmjs.org/selfsigned/-/selfsigned-1.10.1.tgz",
      "integrity": "sha1-v4y3uDJWxFUeMTR8YxF3jbme7FI=",
      "requires": {
        "node-forge": "0.6.33"
      }
    },
    "send": {
      "version": "0.15.6",
      "resolved": "https://registry.npmjs.org/send/-/send-0.15.6.tgz",
      "integrity": "sha1-IPI6nJJbdiq4JwX+L52yUqzkfjQ=",
      "requires": {
        "debug": "2.6.9",
        "depd": "1.1.1",
        "destroy": "1.0.4",
        "encodeurl": "1.0.1",
        "escape-html": "1.0.3",
        "etag": "1.8.1",
        "fresh": "0.5.2",
        "http-errors": "1.6.2",
        "mime": "1.3.4",
        "ms": "2.0.0",
        "on-finished": "2.3.0",
        "range-parser": "1.2.0",
        "statuses": "1.3.1"
      }
    },
    "serve-static": {
      "version": "1.12.6",
      "resolved": "https://registry.npmjs.org/serve-static/-/serve-static-1.12.6.tgz",
      "integrity": "sha1-uXN3P2NEmTTaVOW+ul4x2fQhFXc=",
      "requires": {
        "encodeurl": "1.0.1",
        "escape-html": "1.0.3",
        "parseurl": "1.3.2",
        "send": "0.15.6"
      }
    },
    "shebang-command": {
      "version": "1.2.0",
      "resolved": "https://registry.npmjs.org/shebang-command/-/shebang-command-1.2.0.tgz",
      "integrity": "sha1-RKrGW2lbAzmJaMOfNj/uXer98eo=",
      "requires": {
        "shebang-regex": "1.0.0"
      }
    },
    "shebang-regex": {
      "version": "1.0.0",
      "resolved": "https://registry.npmjs.org/shebang-regex/-/shebang-regex-1.0.0.tgz",
      "integrity": "sha1-2kL0l0DAtC2yypcoVxyxkMmO/qM="
    },
    "sntp": {
      "version": "2.0.2",
      "resolved": "https://registry.npmjs.org/sntp/-/sntp-2.0.2.tgz",
      "integrity": "sha1-UGQRDwr4X3z9t9a2ekACjOUrSys=",
      "requires": {
        "hoek": "4.2.0"
      }
    },
    "source-map-support": {
      "version": "0.4.18",
      "resolved": "https://registry.npmjs.org/source-map-support/-/source-map-support-0.4.18.tgz",
      "integrity": "sha512-try0/JqxPLF9nOjvSta7tVondkP5dwgyLDjVoyMDlmjugT2lRZ1OfsrYTkCd2hkDnJTKRbO/Rl3orm8vlsUzbA==",
      "requires": {
        "source-map": "0.5.7"
      }
    },
    "strip-eof": {
      "version": "1.0.0",
      "resolved": "https://registry.npmjs.org/strip-eof/-/strip-eof-1.0.0.tgz",
      "integrity": "sha1-u0P/VZim6wXYm1n80SnJgzE2Br8="
    },
    "tough-cookie": {
      "version": "2.3.3",
      "resolved": "https://registry.npmjs.org/tough-cookie/-/tough-cookie-2.3.3.tgz",
      "integrity": "sha1-C2GKVWW23qkL80JdBNVe3EdadWE=",
      "requires": {
        "punycode": "1.4.1"
      }
    },
    "webpack-dev-server": {
      "version": "2.8.2",
      "resolved": "https://registry.npmjs.org/webpack-dev-server/-/webpack-dev-server-2.8.2.tgz",
      "integrity": "sha512-wD9bs+Z1uwvf3Jc+8ZkyMI0Xi+aJJYjC2UZplOWoo/vStelK5Mv62X2uXYEYIQEjy9wJQMzC0fEFqQsg7vVEIg==",
      "requires": {
        "ansi-html": "0.0.7",
        "array-includes": "3.0.3",
        "bonjour": "3.5.0",
        "chokidar": "1.7.0",
        "compression": "1.7.0",
        "connect-history-api-fallback": "1.3.0",
        "del": "3.0.0",
        "express": "4.15.5",
        "html-entities": "1.2.1",
        "http-proxy-middleware": "0.17.4",
        "internal-ip": "2.0.3",
        "ip": "1.1.5",
        "loglevel": "1.5.0",
        "opn": "5.1.0",
        "portfinder": "1.0.13",
        "selfsigned": "1.10.1",
        "serve-index": "1.9.0",
        "sockjs": "0.3.18",
        "sockjs-client": "1.1.4",
        "spdy": "3.4.7",
        "strip-ansi": "3.0.1",
        "supports-color": "4.4.0",
        "webpack-dev-middleware": "1.12.0",
        "yargs": "6.6.0"
      },
      "dependencies": {
        "camelcase": {
          "version": "3.0.0",
          "resolved": "https://registry.npmjs.org/camelcase/-/camelcase-3.0.0.tgz",
          "integrity": "sha1-MvxLn82vhF/N9+c7uXysImHwqwo="
        },
        "has-flag": {
          "version": "2.0.0",
          "resolved": "https://registry.npmjs.org/has-flag/-/has-flag-2.0.0.tgz",
          "integrity": "sha1-6CB68cx7MNRGzHC3NLXovhj4jVE="
        },
        "supports-color": {
          "version": "4.4.0",
          "resolved": "https://registry.npmjs.org/supports-color/-/supports-color-4.4.0.tgz",
          "integrity": "sha512-rKC3+DyXWgK0ZLKwmRsrkyHVZAjNkfzeehuFWdGGcqGDTZFH73+RH6S/RDAAxl9GusSjZSUWYLmT9N5pzXFOXQ==",
          "requires": {
            "has-flag": "2.0.0"
          }
        },
        "yargs": {
          "version": "6.6.0",
          "resolved": "https://registry.npmjs.org/yargs/-/yargs-6.6.0.tgz",
          "integrity": "sha1-eC7CHvQDNF+DCoCMo9UTr1YGUgg=",
          "requires": {
            "camelcase": "3.0.0",
            "cliui": "3.2.0",
            "decamelize": "1.2.0",
            "get-caller-file": "1.0.2",
            "os-locale": "1.4.0",
            "read-pkg-up": "1.0.1",
            "require-directory": "2.1.1",
            "require-main-filename": "1.0.1",
            "set-blocking": "2.0.0",
            "string-width": "1.0.2",
            "which-module": "1.0.0",
            "y18n": "3.2.1",
            "yargs-parser": "4.2.1"
          }
        },
        "yargs-parser": {
          "version": "4.2.1",
          "resolved": "https://registry.npmjs.org/yargs-parser/-/yargs-parser-4.2.1.tgz",
          "integrity": "sha1-KczqwNxPA8bIe0qfIX3RjJ90hxw=",
          "requires": {
            "camelcase": "3.0.0"
          }
        }
      }
    },
    "websocket-extensions": {
      "version": "0.1.2",
      "resolved": "https://registry.npmjs.org/websocket-extensions/-/websocket-extensions-0.1.2.tgz",
      "integrity": "sha1-Dhh4HeYpoYMIzhSBZQ9n/6JpOl0="
    }
  }
}
